github.com/awalterschulze/checklicense v1.0.0 h1:SiRilt26Q+2M238VbXw+e5826mxPypvsj/xgglHDHW8=
github.com/awalterschulze/checklicense v1.0.0/go.mod h1:oUHvoD4crryzAwDwtdQqCnaZRznAvZE64edH9ukb1K4=
github.com/katydid/parser-go v0.7.2 h1:nXkqDoTP4uU0XMLcYmqwsxfrm1ciu2GFdk1T2g0UNcs=
github.com/katydid/parser-go v0.7.2/go.mod h1:3Oe5QRVSv2L8x7KlZooujIqsZRQXk3htVbzRvXeptzA=
github.com/katydid/parser-go-json v0.2.1 h1:ctcDeJDY9ldS45syfwkN6+2KNejCBWj+bPY4IGOnOOQ=
github.com/katydid/parser-go-json v0.2.1/go.mod h1:rEHux6M5gmMK7O6fBXRTRtOCl8W5pQyOcSnN+M4pGA0=
github.com/katydid/parser-go-reflect v0.1.1 h1:W3tjWerudEAqW6jZUVDuOEfg7NTWzHnOaqEmnodQ8UE=
github.com/katydid/parser-go-reflect v0.1.1/go.mod h1:F2ak4F1JFzqmU+WITire2cShgHvfXA3Y4fqyP1E68Oc=
github.com/katydid/parser-go-xml v0.1.1 h1:W6Xaxwy1Gh231NCM13L4Bdxfi4aYE6JBTdYsvF6TB1s=
github.com/katydid/parser-go-xml v0.1.1/go.mod h1:I9tZR4C/G6T4QleGfiF1qg5zOMcqp2ASbevDYMvUIdU=
